// !$*UTF8*$!
{
	archiveVersion = 1;
	classes = {
	};
	objectVersion = 46;
	objects = {

/* Begin PBXBuildFile section */
		DCEECE181BBBDE7F00BEDCA6 /* main.m in Sources */ = {isa = PBXBuildFile; fileRef = DCEECE171BBBDE7F00BEDCA6 /* main.m */; };
		DCEECE1B1BBBDE7F00BEDCA6 /* AppDelegate.m in Sources */ = {isa = PBXBuildFile; fileRef = DCEECE1A1BBBDE7F00BEDCA6 /* AppDelegate.m */; };
		DCEECE1E1BBBDE7F00BEDCA6 /* ViewController.m in Sources */ = {isa = PBXBuildFile; fileRef = DCEECE1D1BBBDE7F00BEDCA6 /* ViewController.m */; };
		DCEECE211BBBDE7F00BEDCA6 /* Main.storyboard in Resources */ = {isa = PBXBuildFile; fileRef = DCEECE1F1BBBDE7F00BEDCA6 /* Main.storyboard */; };
		DCEECE241BBBDE7F00BEDCA6 /* TestHoshiTextField.xcdatamodeld in Sources */ = {isa = PBXBuildFile; fileRef = DCEECE221BBBDE7F00BEDCA6 /* TestHoshiTextField.xcdatamodeld */; };
		DCEECE261BBBDE7F00BEDCA6 /* Assets.xcassets in Resources */ = {isa = PBXBuildFile; fileRef = DCEECE251BBBDE7F00BEDCA6 /* Assets.xcassets */; };
		DCEECE291BBBDE7F00BEDCA6 /* LaunchScreen.storyboard in Resources */ = {isa = PBXBuildFile; fileRef = DCEECE271BBBDE7F00BEDCA6 /* LaunchScreen.storyboard */; };
		DCEECE341BBBDE7F00BEDCA6 /* TestHoshiTextFieldTests.m in Sources */ = {isa = PBXBuildFile; fileRef = DCEECE331BBBDE7F00BEDCA6 /* TestHoshiTextFieldTests.m */; };
		DCEECE3F1BBBDE7F00BEDCA6 /* TestHoshiTextFieldUITests.m in Sources */ = {isa = PBXBuildFile; fileRef = DCEECE3E1BBBDE7F00BEDCA6 /* TestHoshiTextFieldUITests.m */; };
		DCEECE501BBBDF2200BEDCA6 /* HoshiTextField.swift in Sources */ = {isa = PBXBuildFile; fileRef = DCEECE4D1BBBDF2200BEDCA6 /* HoshiTextField.swift */; settings = {ASSET_TAGS = (); }; };
		DCEECE511BBBDF2200BEDCA6 /* TextFieldsEffects.swift in Sources */ = {isa = PBXBuildFile; fileRef = DCEECE4F1BBBDF2200BEDCA6 /* TextFieldsEffects.swift */; settings = {ASSET_TAGS = (); }; };
/* End PBXBuildFile section */

/* Begin PBXContainerItemProxy section */
		DCEECE301BBBDE7F00BEDCA6 /* PBXContainerItemProxy */ = {
			isa = PBXContainerItemProxy;
			containerPortal = DCEECE0B1BBBDE7F00BEDCA6 /* Project object */;
			proxyType = 1;
			remoteGlobalIDString = DCEECE121BBBDE7F00BEDCA6;
			remoteInfo = TestHoshiTextField;
		};
		DCEECE3B1BBBDE7F00BEDCA6 /* PBXContainerItemProxy */ = {
			isa = PBXContainerItemProxy;
			containerPortal = DCEECE0B1BBBDE7F00BEDCA6 /* Project object */;
			proxyType = 1;
			remoteGlobalIDString = DCEECE121BBBDE7F00BEDCA6;
			remoteInfo = TestHoshiTextField;
		};
/* End PBXContainerItemProxy section */

/* Begin PBXFileReference section */
		DCEECE131BBBDE7F00BEDCA6 /* TestHoshiTextField.app */ = {isa = PBXFileReference; explicitFileType = wrapper.application; includeInIndex = 0; path = TestHoshiTextField.app; sourceTree = BUILT_PRODUCTS_DIR; };
		DCEECE171BBBDE7F00BEDCA6 /* main.m */ = {isa = PBXFileReference; lastKnownFileType = sourcecode.c.objc; path = main.m; sourceTree = "<group>"; };
		DCEECE191BBBDE7F00BEDCA6 /* AppDelegate.h */ = {isa = PBXFileReference; lastKnownFileType = sourcecode.c.h; path = AppDelegate.h; sourceTree = "<group>"; };
		DCEECE1A1BBBDE7F00BEDCA6 /* AppDelegate.m */ = {isa = PBXFileReference; lastKnownFileType = sourcecode.c.objc; path = AppDelegate.m; sourceTree = "<group>"; };
		DCEECE1C1BBBDE7F00BEDCA6 /* ViewController.h */ = {isa = PBXFileReference; lastKnownFileType = sourcecode.c.h; path = ViewController.h; sourceTree = "<group>"; };
		DCEECE1D1BBBDE7F00BEDCA6 /* ViewController.m */ = {isa = PBXFileReference; lastKnownFileType = sourcecode.c.objc; path = ViewController.m; sourceTree = "<group>"; };
		DCEECE201BBBDE7F00BEDCA6 /* Base */ = {isa = PBXFileReference; lastKnownFileType = file.storyboard; name = Base; path = Base.lproj/Main.storyboard; sourceTree = "<group>"; };
		DCEECE231BBBDE7F00BEDCA6 /* TestHoshiTextField.xcdatamodel */ = {isa = PBXFileReference; lastKnownFileType = wrapper.xcdatamodel; path = TestHoshiTextField.xcdatamodel; sourceTree = "<group>"; };
		DCEECE251BBBDE7F00BEDCA6 /* Assets.xcassets */ = {isa = PBXFileReference; lastKnownFileType = folder.assetcatalog; path = Assets.xcassets; sourceTree = "<group>"; };
		DCEECE281BBBDE7F00BEDCA6 /* Base */ = {isa = PBXFileReference; lastKnownFileType = file.storyboard; name = Base; path = Base.lproj/LaunchScreen.storyboard; sourceTree = "<group>"; };
		DCEECE2A1BBBDE7F00BEDCA6 /* Info.plist */ = {isa = PBXFileReference; lastKnownFileType = text.plist.xml; path = Info.plist; sourceTree = "<group>"; };
		DCEECE2F1BBBDE7F00BEDCA6 /* TestHoshiTextFieldTests.xctest */ = {isa = PBXFileReference; explicitFileType = wrapper.cfbundle; includeInIndex = 0; path = TestHoshiTextFieldTests.xctest; sourceTree = BUILT_PRODUCTS_DIR; };
		DCEECE331BBBDE7F00BEDCA6 /* TestHoshiTextFieldTests.m */ = {isa = PBXFileReference; lastKnownFileType = sourcecode.c.objc; path = TestHoshiTextFieldTests.m; sourceTree = "<group>"; };
		DCEECE351BBBDE7F00BEDCA6 /* Info.plist */ = {isa = PBXFileReference; lastKnownFileType = text.plist.xml; path = Info.plist; sourceTree = "<group>"; };
		DCEECE3A1BBBDE7F00BEDCA6 /* TestHoshiTextFieldUITests.xctest */ = {isa = PBXFileReference; explicitFileType = wrapper.cfbundle; includeInIndex = 0; path = TestHoshiTextFieldUITests.xctest; sourceTree = BUILT_PRODUCTS_DIR; };
		DCEECE3E1BBBDE7F00BEDCA6 /* TestHoshiTextFieldUITests.m */ = {isa = PBXFileReference; lastKnownFileType = sourcecode.c.objc; path = TestHoshiTextFieldUITests.m; sourceTree = "<group>"; };
		DCEECE401BBBDE7F00BEDCA6 /* Info.plist */ = {isa = PBXFileReference; lastKnownFileType = text.plist.xml; path = Info.plist; sourceTree = "<group>"; };
		DCEECE4C1BBBDEA500BEDCA6 /* TestHoshiTextField-Bridging-Header.h */ = {isa = PBXFileReference; lastKnownFileType = sourcecode.c.h; path = "TestHoshiTextField-Bridging-Header.h"; sourceTree = "<group>"; };
		DCEECE4D1BBBDF2200BEDCA6 /* HoshiTextField.swift */ = {isa = PBXFileReference; fileEncoding = 4; lastKnownFileType = sourcecode.swift; path = HoshiTextField.swift; sourceTree = "<group>"; };
		DCEECE4E1BBBDF2200BEDCA6 /* TextFieldEffects.h */ = {isa = PBXFileReference; fileEncoding = 4; lastKnownFileType = sourcecode.c.h; path = TextFieldEffects.h; sourceTree = "<group>"; };
		DCEECE4F1BBBDF2200BEDCA6 /* TextFieldsEffects.swift */ = {isa = PBXFileReference; fileEncoding = 4; lastKnownFileType = sourcecode.swift; path = TextFieldsEffects.swift; sourceTree = "<group>"; };
/* End PBXFileReference section */

/* Begin PBXFrameworksBuildPhase section */
		DCEECE101BBBDE7F00BEDCA6 /* Frameworks */ = {
			isa = PBXFrameworksBuildPhase;
			buildActionMask = 2147483647;
			files = (
			);
			runOnlyForDeploymentPostprocessing = 0;
		};
		DCEECE2C1BBBDE7F00BEDCA6 /* Frameworks */ = {
			isa = PBXFrameworksBuildPhase;
			buildActionMask = 2147483647;
			files = (
			);
			runOnlyForDeploymentPostprocessing = 0;
		};
		DCEECE371BBBDE7F00BEDCA6 /* Frameworks */ = {
			isa = PBXFrameworksBuildPhase;
			buildActionMask = 2147483647;
			files = (
			);
			runOnlyForDeploymentPostprocessing = 0;
		};
/* End PBXFrameworksBuildPhase section */

/* Begin PBXGroup section */
		DCEECE0A1BBBDE7F00BEDCA6 = {
			isa = PBXGroup;
			children = (
				DCEECE151BBBDE7F00BEDCA6 /* TestHoshiTextField */,
				DCEECE321BBBDE7F00BEDCA6 /* TestHoshiTextFieldTests */,
				DCEECE3D1BBBDE7F00BEDCA6 /* TestHoshiTextFieldUITests */,
				DCEECE141BBBDE7F00BEDCA6 /* Products */,
			);
			sourceTree = "<group>";
		};
		DCEECE141BBBDE7F00BEDCA6 /* Products */ = {
			isa = PBXGroup;
			children = (
				DCEECE131BBBDE7F00BEDCA6 /* TestHoshiTextField.app */,
				DCEECE2F1BBBDE7F00BEDCA6 /* TestHoshiTextFieldTests.xctest */,
				DCEECE3A1BBBDE7F00BEDCA6 /* TestHoshiTextFieldUITests.xctest */,
			);
			name = Products;
			sourceTree = "<group>";
		};
		DCEECE151BBBDE7F00BEDCA6 /* TestHoshiTextField */ = {
			isa = PBXGroup;
			children = (
				DCEECE4D1BBBDF2200BEDCA6 /* HoshiTextField.swift */,
				DCEECE4E1BBBDF2200BEDCA6 /* TextFieldEffects.h */,
				DCEECE4F1BBBDF2200BEDCA6 /* TextFieldsEffects.swift */,
				DCEECE191BBBDE7F00BEDCA6 /* AppDelegate.h */,
				DCEECE1A1BBBDE7F00BEDCA6 /* AppDelegate.m */,
				DCEECE1C1BBBDE7F00BEDCA6 /* ViewController.h */,
				DCEECE1D1BBBDE7F00BEDCA6 /* ViewController.m */,
				DCEECE1F1BBBDE7F00BEDCA6 /* Main.storyboard */,
				DCEECE251BBBDE7F00BEDCA6 /* Assets.xcassets */,
				DCEECE271BBBDE7F00BEDCA6 /* LaunchScreen.storyboard */,
				DCEECE2A1BBBDE7F00BEDCA6 /* Info.plist */,
				DCEECE221BBBDE7F00BEDCA6 /* TestHoshiTextField.xcdatamodeld */,
				DCEECE161BBBDE7F00BEDCA6 /* Supporting Files */,
				DCEECE4C1BBBDEA500BEDCA6 /* TestHoshiTextField-Bridging-Header.h */,
			);
			path = TestHoshiTextField;
			sourceTree = "<group>";
		};
		DCEECE161BBBDE7F00BEDCA6 /* Supporting Files */ = {
			isa = PBXGroup;
			children = (
				DCEECE171BBBDE7F00BEDCA6 /* main.m */,
			);
			name = "Supporting Files";
			sourceTree = "<group>";
		};
		DCEECE321BBBDE7F00BEDCA6 /* TestHoshiTextFieldTests */ = {
			isa = PBXGroup;
			children = (
				DCEECE331BBBDE7F00BEDCA6 /* TestHoshiTextFieldTests.m */,
				DCEECE351BBBDE7F00BEDCA6 /* Info.plist */,
			);
			path = TestHoshiTextFieldTests;
			sourceTree = "<group>";
		};
		DCEECE3D1BBBDE7F00BEDCA6 /* TestHoshiTextFieldUITests */ = {
			isa = PBXGroup;
			children = (
				DCEECE3E1BBBDE7F00BEDCA6 /* TestHoshiTextFieldUITests.m */,
				DCEECE401BBBDE7F00BEDCA6 /* Info.plist */,
			);
			path = TestHoshiTextFieldUITests;
			sourceTree = "<group>";
		};
/* End PBXGroup section */

/* Begin PBXNativeTarget section */
		DCEECE121BBBDE7F00BEDCA6 /* TestHoshiTextField */ = {
			isa = PBXNativeTarget;
			buildConfigurationList = DCEECE431BBBDE7F00BEDCA6 /* Build configuration list for PBXNativeTarget "TestHoshiTextField" */;
			buildPhases = (
				DCEECE0F1BBBDE7F00BEDCA6 /* Sources */,
				DCEECE101BBBDE7F00BEDCA6 /* Frameworks */,
				DCEECE111BBBDE7F00BEDCA6 /* Resources */,
			);
			buildRules = (
			);
			dependencies = (
			);
			name = TestHoshiTextField;
			productName = TestHoshiTextField;
			productReference = DCEECE131BBBDE7F00BEDCA6 /* TestHoshiTextField.app */;
			productType = "com.apple.product-type.application";
		};
		DCEECE2E1BBBDE7F00BEDCA6 /* TestHoshiTextFieldTests */ = {
			isa = PBXNativeTarget;
			buildConfigurationList = DCEECE461BBBDE7F00BEDCA6 /* Build configuration list for PBXNativeTarget "TestHoshiTextFieldTests" */;
			buildPhases = (
				DCEECE2B1BBBDE7F00BEDCA6 /* Sources */,
				DCEECE2C1BBBDE7F00BEDCA6 /* Frameworks */,
				DCEECE2D1BBBDE7F00BEDCA6 /* Resources */,
			);
			buildRules = (
			);
			dependencies = (
				DCEECE311BBBDE7F00BEDCA6 /* PBXTargetDependency */,
			);
			name = TestHoshiTextFieldTests;
			productName = TestHoshiTextFieldTests;
			productReference = DCEECE2F1BBBDE7F00BEDCA6 /* TestHoshiTextFieldTests.xctest */;
			productType = "com.apple.product-type.bundle.unit-test";
		};
		DCEECE391BBBDE7F00BEDCA6 /* TestHoshiTextFieldUITests */ = {
			isa = PBXNativeTarget;
			buildConfigurationList = DCEECE491BBBDE7F00BEDCA6 /* Build configuration list for PBXNativeTarget "TestHoshiTextFieldUITests" */;
			buildPhases = (
				DCEECE361BBBDE7F00BEDCA6 /* Sources */,
				DCEECE371BBBDE7F00BEDCA6 /* Frameworks */,
				DCEECE381BBBDE7F00BEDCA6 /* Resources */,
			);
			buildRules = (
			);
			dependencies = (
				DCEECE3C1BBBDE7F00BEDCA6 /* PBXTargetDependency */,
			);
			name = TestHoshiTextFieldUITests;
			productName = TestHoshiTextFieldUITests;
			productReference = DCEECE3A1BBBDE7F00BEDCA6 /* TestHoshiTextFieldUITests.xctest */;
			productType = "com.apple.product-type.bundle.ui-testing";
		};
/* End PBXNativeTarget section */

/* Begin PBXProject section */
		DCEECE0B1BBBDE7F00BEDCA6 /* Project object */ = {
			isa = PBXProject;
			attributes = {
				LastSwiftUpdateCheck = 0700;
				LastUpgradeCheck = 0700;
				ORGANIZATIONNAME = "Luc Chelsea";
				TargetAttributes = {
					DCEECE121BBBDE7F00BEDCA6 = {
						CreatedOnToolsVersion = 7.0;
					};
					DCEECE2E1BBBDE7F00BEDCA6 = {
						CreatedOnToolsVersion = 7.0;
						TestTargetID = DCEECE121BBBDE7F00BEDCA6;
					};
					DCEECE391BBBDE7F00BEDCA6 = {
						CreatedOnToolsVersion = 7.0;
						TestTargetID = DCEECE121BBBDE7F00BEDCA6;
					};
				};
			};
			buildConfigurationList = DCEECE0E1BBBDE7F00BEDCA6 /* Build configuration list for PBXProject "TestHoshiTextField" */;
			compatibilityVersion = "Xcode 3.2";
			developmentRegion = English;
			hasScannedForEncodings = 0;
			knownRegions = (
				en,
				Base,
			);
			mainGroup = DCEECE0A1BBBDE7F00BEDCA6;
			productRefGroup = DCEECE141BBBDE7F00BEDCA6 /* Products */;
			projectDirPath = "";
			projectRoot = "";
			targets = (
				DCEECE121BBBDE7F00BEDCA6 /* TestHoshiTextField */,
				DCEECE2E1BBBDE7F00BEDCA6 /* TestHoshiTextFieldTests */,
				DCEECE391BBBDE7F00BEDCA6 /* TestHoshiTextFieldUITests */,
			);
		};
/* End PBXProject section */

/* Begin PBXResourcesBuildPhase section */
		DCEECE111BBBDE7F00BEDCA6 /* Resources */ = {
			isa = PBXResourcesBuildPhase;
			buildActionMask = 2147483647;
			files = (
				DCEECE291BBBDE7F00BEDCA6 /* LaunchScreen.storyboard in Resources */,
				DCEECE261BBBDE7F00BEDCA6 /* Assets.xcassets in Resources */,
				DCEECE211BBBDE7F00BEDCA6 /* Main.storyboard in Resources */,
			);
			runOnlyForDeploymentPostprocessing = 0;
		};
		DCEECE2D1BBBDE7F00BEDCA6 /* Resources */ = {
			isa = PBXResourcesBuildPhase;
			buildActionMask = 2147483647;
			files = (
			);
			runOnlyForDeploymentPostprocessing = 0;
		};
		DCEECE381BBBDE7F00BEDCA6 /* Resources */ = {
			isa = PBXResourcesBuildPhase;
			buildActionMask = 2147483647;
			files = (
			);
			runOnlyForDeploymentPostprocessing = 0;
		};
/* End PBXResourcesBuildPhase section */

/* Begin PBXSourcesBuildPhase section */
		DCEECE0F1BBBDE7F00BEDCA6 /* Sources */ = {
			isa = PBXSourcesBuildPhase;
			buildActionMask = 2147483647;
			files = (
				DCEECE1E1BBBDE7F00BEDCA6 /* ViewController.m in Sources */,
				DCEECE1B1BBBDE7F00BEDCA6 /* AppDelegate.m in Sources */,
				DCEECE181BBBDE7F00BEDCA6 /* main.m in Sources */,
				DCEECE241BBBDE7F00BEDCA6 /* TestHoshiTextField.xcdatamodeld in Sources */,
				DCEECE511BBBDF2200BEDCA6 /* TextFieldsEffects.swift in Sources */,
				DCEECE501BBBDF2200BEDCA6 /* HoshiTextField.swift in Sources */,
			);
			runOnlyForDeploymentPostprocessing = 0;
		};
		DCEECE2B1BBBDE7F00BEDCA6 /* Sources */ = {
			isa = PBXSourcesBuildPhase;
			buildActionMask = 2147483647;
			files = (
				DCEECE341BBBDE7F00BEDCA6 /* TestHoshiTextFieldTests.m in Sources */,
			);
			runOnlyForDeploymentPostprocessing = 0;
		};
		DCEECE361BBBDE7F00BEDCA6 /* Sources */ = {
			isa = PBXSourcesBuildPhase;
			buildActionMask = 2147483647;
			files = (
				DCEECE3F1BBBDE7F00BEDCA6 /* TestHoshiTextFieldUITests.m in Sources */,
			);
			runOnlyForDeploymentPostprocessing = 0;
		};
/* End PBXSourcesBuildPhase section */

/* Begin PBXTargetDependency section */
		DCEECE311BBBDE7F00BEDCA6 /* PBXTargetDependency */ = {
			isa = PBXTargetDependency;
			target = DCEECE121BBBDE7F00BEDCA6 /* TestHoshiTextField */;
			targetProxy = DCEECE301BBBDE7F00BEDCA6 /* PBXContainerItemProxy */;
		};
		DCEECE3C1BBBDE7F00BEDCA6 /* PBXTargetDependency */ = {
			isa = PBXTargetDependency;
			target = DCEECE121BBBDE7F00BEDCA6 /* TestHoshiTextField */;
			targetProxy = DCEECE3B1BBBDE7F00BEDCA6 /* PBXContainerItemProxy */;
		};
/* End PBXTargetDependency section */

/* Begin PBXVariantGroup section */
		DCEECE1F1BBBDE7F00BEDCA6 /* Main.storyboard */ = {
			isa = PBXVariantGroup;
			children = (
				DCEECE201BBBDE7F00BEDCA6 /* Base */,
			);
			name = Main.storyboard;
			sourceTree = "<group>";
		};
		DCEECE271BBBDE7F00BEDCA6 /* LaunchScreen.storyboard */ = {
			isa = PBXVariantGroup;
			children = (
				DCEECE281BBBDE7F00BEDCA6 /* Base */,
			);
			name = LaunchScreen.storyboard;
			sourceTree = "<group>";
		};
/* End PBXVariantGroup section */

/* Begin XCBuildConfiguration section */
		DCEECE411BBBDE7F00BEDCA6 /* Debug */ = {
			isa = XCBuildConfiguration;
			buildSettings = {
				ALWAYS_SEARCH_USER_PATHS = NO;
				CLANG_CXX_LANGUAGE_STANDARD = "gnu++0x";
				CLANG_CXX_LIBRARY = "libc++";
				CLANG_ENABLE_MODULES = YES;
				CLANG_ENABLE_OBJC_ARC = YES;
				CLANG_WARN_BOOL_CONVERSION = YES;
				CLANG_WARN_CONSTANT_CONVERSION = YES;
				CLANG_WARN_DIRECT_OBJC_ISA_USAGE = YES_ERROR;
				CLANG_WARN_EMPTY_BODY = YES;
				CLANG_WARN_ENUM_CONVERSION = YES;
				CLANG_WARN_INT_CONVERSION = YES;
				CLANG_WARN_OBJC_ROOT_CLASS = YES_ERROR;
				CLANG_WARN_UNREACHABLE_CODE = YES;
				CLANG_WARN__DUPLICATE_METHOD_MATCH = YES;
				"CODE_SIGN_IDENTITY[sdk=iphoneos*]" = "iPhone Developer";
				COPY_PHASE_STRIP = NO;
				DEBUG_INFORMATION_FORMAT = dwarf;
				ENABLE_STRICT_OBJC_MSGSEND = YES;
				ENABLE_TESTABILITY = YES;
				GCC_C_LANGUAGE_STANDARD = gnu99;
				GCC_DYNAMIC_NO_PIC = NO;
				GCC_NO_COMMON_BLOCKS = YES;
				GCC_OPTIMIZATION_LEVEL = 0;
				GCC_PREPROCESSOR_DEFINITIONS = (
					"DEBUG=1",
					"$(inherited)",
				);
				GCC_WARN_64_TO_32_BIT_CONVERSION = YES;
				GCC_WARN_ABOUT_RETURN_TYPE = YES_ERROR;
				GCC_WARN_UNDECLARED_SELECTOR = YES;
				GCC_WARN_UNINITIALIZED_AUTOS = YES_AGGRESSIVE;
				GCC_WARN_UNUSED_FUNCTION = YES;
				GCC_WARN_UNUSED_VARIABLE = YES;
				IPHONEOS_DEPLOYMENT_TARGET = 9.0;
				MTL_ENABLE_DEBUG_INFO = YES;
				ONLY_ACTIVE_ARCH = YES;
				SDKROOT = iphoneos;
				TARGETED_DEVICE_FAMILY = "1,2";
			};
			name = Debug;
		};
		DCEECE421BBBDE7F00BEDCA6 /* Release */ = {
			isa = XCBuildConfiguration;
			buildSettings = {
				ALWAYS_SEARCH_USER_PATHS = NO;
				CLANG_CXX_LANGUAGE_STANDARD = "gnu++0x";
				CLANG_CXX_LIBRARY = "libc++";
				CLANG_ENABLE_MODULES = YES;
				CLANG_ENABLE_OBJC_ARC = YES;
				CLANG_WARN_BOOL_CONVERSION = YES;
				CLANG_WARN_CONSTANT_CONVERSION = YES;
				CLANG_WARN_DIRECT_OBJC_ISA_USAGE = YES_ERROR;
				CLANG_WARN_EMPTY_BODY = YES;
				CLANG_WARN_ENUM_CONVERSION = YES;
				CLANG_WARN_INT_CONVERSION = YES;
				CLANG_WARN_OBJC_ROOT_CLASS = YES_ERROR;
				CLANG_WARN_UNREACHABLE_CODE = YES;
				CLANG_WARN__DUPLICATE_METHOD_MATCH = YES;
				"CODE_SIGN_IDENTITY[sdk=iphoneos*]" = "iPhone Developer";
				COPY_PHASE_STRIP = NO;
				DEBUG_INFORMATION_FORMAT = "dwarf-with-dsym";
				ENABLE_NS_ASSERTIONS = NO;
				ENABLE_STRICT_OBJC_MSGSEND = YES;
				GCC_C_LANGUAGE_STANDARD = gnu99;
				GCC_NO_COMMON_BLOCKS = YES;
				GCC_WARN_64_TO_32_BIT_CONVERSION = YES;
				GCC_WARN_ABOUT_RETURN_TYPE = YES_ERROR;
				GCC_WARN_UNDECLARED_SELECTOR = YES;
				GCC_WARN_UNINITIALIZED_AUTOS = YES_AGGRESSIVE;
				GCC_WARN_UNUSED_FUNCTION = YES;
				GCC_WARN_UNUSED_VARIABLE = YES;
				IPHONEOS_DEPLOYMENT_TARGET = 9.0;
				MTL_ENABLE_DEBUG_INFO = NO;
				SDKROOT = iphoneos;
				TARGETED_DEVICE_FAMILY = "1,2";
				VALIDATE_PRODUCT = YES;
			};
			name = Release;
		};
		DCEECE441BBBDE7F00BEDCA6 /* Debug */ = {
			isa = XCBuildConfiguration;
			buildSettings = {
				ASSETCATALOG_COMPILER_APPICON_NAME = AppIcon;
				CLANG_ENABLE_MODULES = YES;
				INFOPLIST_FILE = TestHoshiTextField/Info.plist;
				LD_RUNPATH_SEARCH_PATHS = "$(inherited) @executable_path/Frameworks";
				PRODUCT_BUNDLE_IDENTIFIER = CD.TestHoshiTextField;
				PRODUCT_NAME = "$(TARGET_NAME)";
				SWIFT_OBJC_BRIDGING_HEADER = "TestHoshiTextField/TestHoshiTextField-Bridging-Header.h";
				SWIFT_OPTIMIZATION_LEVEL = "-Onone";
			};
			name = Debug;
		};
		DCEECE451BBBDE7F00BEDCA6 /* Release */ = {
			isa = XCBuildConfiguration;
			buildSettings = {
				ASSETCATALOG_COMPILER_APPICON_NAME = AppIcon;
				CLANG_ENABLE_MODULES = YES;
				INFOPLIST_FILE = TestHoshiTextField/Info.plist;
				LD_RUNPATH_SEARCH_PATHS = "$(inherited) @executable_path/Frameworks";
				PRODUCT_BUNDLE_IDENTIFIER = CD.TestHoshiTextField;
				PRODUCT_NAME = "$(TARGET_NAME)";
				SWIFT_OBJC_BRIDGING_HEADER = "TestHoshiTextField/TestHoshiTextField-Bridging-Header.h";
			};
			name = Release;
		};
		DCEECE471BBBDE7F00BEDCA6 /* Debug */ = {
			isa = XCBuildConfiguration;
			buildSettings = {
				BUNDLE_LOADER = "$(TEST_HOST)";
				INFOPLIST_FILE = TestHoshiTextFieldTests/Info.plist;
				LD_RUNPATH_SEARCH_PATHS = "$(inherited) @executable_path/Frameworks @loader_path/Frameworks";
				PRODUCT_BUNDLE_IDENTIFIER = CD.TestHoshiTextFieldTests;
				PRODUCT_NAME = "$(TARGET_NAME)";
				TEST_HOST = "$(BUILT_PRODUCTS_DIR)/TestHoshiTextField.app/TestHoshiTextField";
			};
			name = Debug;
		};
		DCEECE481BBBDE7F00BEDCA6 /* Release */ = {
			isa = XCBuildConfiguration;
			buildSettings = {
				BUNDLE_LOADER = "$(TEST_HOST)";
				INFOPLIST_FILE = TestHoshiTextFieldTests/Info.plist;
				LD_RUNPATH_SEARCH_PATHS = "$(inherited) @executable_path/Frameworks @loader_path/Frameworks";
				PRODUCT_BUNDLE_IDENTIFIER = CD.TestHoshiTextFieldTests;
				PRODUCT_NAME = "$(TARGET_NAME)";
				TEST_HOST = "$(BUILT_PRODUCTS_DIR)/TestHoshiTextField.app/TestHoshiTextField";
			};
			name = Release;
		};
		DCEECE4A1BBBDE7F00BEDCA6 /* Debug */ = {
			isa = XCBuildConfiguration;
			buildSettings = {
				INFOPLIST_FILE = TestHoshiTextFieldUITests/Info.plist;
				LD_RUNPATH_SEARCH_PATHS = "$(inherited) @executable_path/Frameworks @loader_path/Frameworks";
				PRODUCT_BUNDLE_IDENTIFIER = CD.TestHoshiTextFieldUITests;
				PRODUCT_NAME = "$(TARGET_NAME)";
				TEST_TARGET_NAME = TestHoshiTextField;
				USES_XCTRUNNER = YES;
			};
			name = Debug;
		};
		DCEECE4B1BBBDE7F00BEDCA6 /* Release */ = {
			isa = XCBuildConfiguration;
			buildSettings = {
				INFOPLIST_FILE = TestHoshiTextFieldUITests/Info.plist;
				LD_RUNPATH_SEARCH_PATHS = "$(inherited) @executable_path/Frameworks @loader_path/Frameworks";
				PRODUCT_BUNDLE_IDENTIFIER = CD.TestHoshiTextFieldUITests;
				PRODUCT_NAME = "$(TARGET_NAME)";
				TEST_TARGET_NAME = TestHoshiTextField;
				USES_XCTRUNNER = YES;
			};
			name = Release;
		};
/* End XCBuildConfiguration section */

/* Begin XCConfigurationList section */
		DCEECE0E1BBBDE7F00BEDCA6 /* Build configuration list for PBXProject "TestHoshiTextField" */ = {
			isa = XCConfigurationList;
			buildConfigurations = (
				DCEECE411BBBDE7F00BEDCA6 /* Debug */,
				DCEECE421BBBDE7F00BEDCA6 /* Release */,
			);
			defaultConfigurationIsVisible = 0;
			defaultConfigurationName = Release;
		};
		DCEECE431BBBDE7F00BEDCA6 /* Build configuration list for PBXNativeTarget "TestHoshiTextField" */ = {
			isa = XCConfigurationList;
			buildConfigurations = (
				DCEECE441BBBDE7F00BEDCA6 /* Debug */,
				DCEECE451BBBDE7F00BEDCA6 /* Release */,
			);
			defaultConfigurationIsVisible = 0;
		};
		DCEECE461BBBDE7F00BEDCA6 /* Build configuration list for PBXNativeTarget "TestHoshiTextFieldTests" */ = {
			isa = XCConfigurationList;
			buildConfigurations = (
				DCEECE471BBBDE7F00BEDCA6 /* Debug */,
				DCEECE481BBBDE7F00BEDCA6 /* Release */,
			);
			defaultConfigurationIsVisible = 0;
		};
		DCEECE491BBBDE7F00BEDCA6 /* Build configuration list for PBXNativeTarget "TestHoshiTextFieldUITests" */ = {
			isa = XCConfigurationList;
			buildConfigurations = (
				DCEECE4A1BBBDE7F00BEDCA6 /* Debug */,
				DCEECE4B1BBBDE7F00BEDCA6 /* Release */,
			);
			defaultConfigurationIsVisible = 0;
		};
/* End XCConfigurationList section */

/* Begin XCVersionGroup section */
		DCEECE221BBBDE7F00BEDCA6 /* TestHoshiTextField.xcdatamodeld */ = {
			isa = XCVersionGroup;
			children = (
				DCEECE231BBBDE7F00BEDCA6 /* TestHoshiTextField.xcdatamodel */,
			);
			currentVersion = DCEECE231BBBDE7F00BEDCA6 /* TestHoshiTextField.xcdatamodel */;
			path = TestHoshiTextField.xcdatamodeld;
			sourceTree = "<group>";
			versionGroupType = wrapper.xcdatamodel;
		};
/* End XCVersionGroup section */
	};
	rootObject = DCEECE0B1BBBDE7F00BEDCA6 /* Project object */;
}
